
Microsoft Visual Studio Solution File, Format Version 12.00
# Visual Studio Version 16
VisualStudioVersion = 16.0.30804.86
MinimumVisualStudioVersion = 10.0.40219.1
Project("{FAE04EC0-301F-11D3-BF4B-00C04F79EFBC}") = "ServiceStarter.Api", "ServiceStarter.Api\ServiceStarter.Api.csproj", "{30F3E2CA-3BB8-45FF-9DC5-A7CE94A2BC87}"
EndProject
Project("{FAE04EC0-301F-11D3-BF4B-00C04F79EFBC}") = "ServiceStarter.Core", "ServiceStarter.Core\ServiceStarter.Core.csproj", "{428287A3-DCE3-4390-8667-2FF6EA15FA13}"
EndProject
Project("{FAE04EC0-301F-11D3-BF4B-00C04F79EFBC}") = "ServiceStarter.Domain", "ServiceStarter.Domain\ServiceStarter.Domain.csproj", "{FE9B5142-950B-4271-B87F-DD7B4B70EFEE}"
EndProject
Project("{FAE04EC0-301F-11D3-BF4B-00C04F79EFBC}") = "ServiceStarter.Infrastructure", "ServiceStarter.Infrastructure\ServiceStarter.Infrastructure.csproj", "{95C0CF1A-C09A-487C-9745-CC36AD8FF199}"
EndProject
Project("{FAE04EC0-301F-11D3-BF4B-00C04F79EFBC}") = "ServiceStarter.Contracts", "ServiceStarter.Contracts\ServiceStarter.Contracts.csproj", "{A724455F-F398-4B5C-B26D-9AB3BD026981}"
EndProject
Global
	GlobalSection(SolutionConfigurationPlatforms) = preSolution
		Debug|Any CPU = Debug|Any CPU
		Release|Any CPU = Release|Any CPU
	EndGlobalSection
	GlobalSection(ProjectConfigurationPlatforms) = postSolution
		{30F3E2CA-3BB8-45FF-9DC5-A7CE94A2BC87}.Debug|Any CPU.ActiveCfg = Debug|Any CPU
		{30F3E2CA-3BB8-45FF-9DC5-A7CE94A2BC87}.Debug|Any CPU.Build.0 = Debug|Any CPU
		{30F3E2CA-3BB8-45FF-9DC5-A7CE94A2BC87}.Release|Any CPU.ActiveCfg = Release|Any CPU
		{30F3E2CA-3BB8-45FF-9DC5-A7CE94A2BC87}.Release|Any CPU.Build.0 = Release|Any CPU
		{428287A3-DCE3-4390-8667-2FF6EA15FA13}.Debug|Any CPU.ActiveCfg = Debug|Any CPU
		{428287A3-DCE3-4390-8667-2FF6EA15FA13}.Debug|Any CPU.Build.0 = Debug|Any CPU
		{428287A3-DCE3-4390-8667-2FF6EA15FA13}.Release|Any CPU.ActiveCfg = Release|Any CPU
		{428287A3-DCE3-4390-8667-2FF6EA15FA13}.Release|Any CPU.Build.0 = Release|Any CPU
		{FE9B5142-950B-4271-B87F-DD7B4B70EFEE}.Debug|Any CPU.ActiveCfg = Debug|Any CPU
		{FE9B5142-950B-4271-B87F-DD7B4B70EFEE}.Debug|Any CPU.Build.0 = Debug|Any CPU
		{FE9B5142-950B-4271-B87F-DD7B4B70EFEE}.Release|Any CPU.ActiveCfg = Release|Any CPU
		{FE9B5142-950B-4271-B87F-DD7B4B70EFEE}.Release|Any CPU.Build.0 = Release|Any CPU
		{95C0CF1A-C09A-487C-9745-CC36AD8FF199}.Debug|Any CPU.ActiveCfg = Debug|Any CPU
		{95C0CF1A-C09A-487C-9745-CC36AD8FF199}.Debug|Any CPU.Build.0 = Debug|Any CPU
		{95C0CF1A-C09A-487C-9745-CC36AD8FF199}.Release|Any CPU.ActiveCfg = Release|Any CPU
		{95C0CF1A-C09A-487C-9745-CC36AD8FF199}.Release|Any CPU.Build.0 = Release|Any CPU
		{A724455F-F398-4B5C-B26D-9AB3BD026981}.Debug|Any CPU.ActiveCfg = Debug|Any CPU
		{A724455F-F398-4B5C-B26D-9AB3BD026981}.Debug|Any CPU.Build.0 = Debug|Any CPU
		{A724455F-F398-4B5C-B26D-9AB3BD026981}.Release|Any CPU.ActiveCfg = Release|Any CPU
		{A724455F-F398-4B5C-B26D-9AB3BD026981}.Release|Any CPU.Build.0 = Release|Any CPU
	EndGlobalSection
	GlobalSection(SolutionProperties) = preSolution
		HideSolutionNode = FALSE
	EndGlobalSection
	GlobalSection(ExtensibilityGlobals) = postSolution
		SolutionGuid = {3F34FF9D-D934-4854-BA01-1CC76A1A8331}
	EndGlobalSection
EndGlobal
